
Microsoft Visual Studio Solution File, Format Version 12.00
# Visual Studio 2013
VisualStudioVersion = 12.0.30501.0
MinimumVisualStudioVersion = 10.0.40219.1
Project("{FAE04EC0-301F-11D3-BF4B-00C04F79EFBC}") = "Informagator", "Informagator\Informagator.csproj", "{FAADC037-755C-4FA2-A32B-292AA8F80505}"
EndProject
Project("{FAE04EC0-301F-11D3-BF4B-00C04F79EFBC}") = "HostConsoleApp", "HostConsoleApp\HostConsoleApp.csproj", "{372EC698-DA54-420C-A36E-39EE22975C07}"
EndProject
Project("{FAE04EC0-301F-11D3-BF4B-00C04F79EFBC}") = "DevProviders", "DevProviders\DevProviders.csproj", "{469958F3-CF0B-4251-A5B5-4E1C19295872}"
EndProject
Project("{FAE04EC0-301F-11D3-BF4B-00C04F79EFBC}") = "ProdProviders", "ProdProviders\ProdProviders.csproj", "{2AE76072-2A5A-4560-B31A-8EBF26C99BBD}"
EndProject
Project("{FAE04EC0-301F-11D3-BF4B-00C04F79EFBC}") = "CommonComponents", "CommonComponents\CommonComponents.csproj", "{F3A4A04C-11EA-490E-8A81-81181D9B3305}"
EndProject
Project("{FAE04EC0-301F-11D3-BF4B-00C04F79EFBC}") = "Tests", "Tests\Tests.csproj", "{FA3B53AF-DCBC-48C3-8E06-E620059EE390}"
EndProject
Project("{FAE04EC0-301F-11D3-BF4B-00C04F79EFBC}") = "HL7Assist", "HL7Assist\HL7Assist.csproj", "{ABA634DC-029C-4CE6-A32B-CE0EEA11D970}"
EndProject
Global
	GlobalSection(SolutionConfigurationPlatforms) = preSolution
		Debug|Any CPU = Debug|Any CPU
		Release|Any CPU = Release|Any CPU
	EndGlobalSection
	GlobalSection(ProjectConfigurationPlatforms) = postSolution
		{FAADC037-755C-4FA2-A32B-292AA8F80505}.Debug|Any CPU.ActiveCfg = Debug|Any CPU
		{FAADC037-755C-4FA2-A32B-292AA8F80505}.Debug|Any CPU.Build.0 = Debug|Any CPU
		{FAADC037-755C-4FA2-A32B-292AA8F80505}.Release|Any CPU.ActiveCfg = Release|Any CPU
		{FAADC037-755C-4FA2-A32B-292AA8F80505}.Release|Any CPU.Build.0 = Release|Any CPU
		{372EC698-DA54-420C-A36E-39EE22975C07}.Debug|Any CPU.ActiveCfg = Debug|Any CPU
		{372EC698-DA54-420C-A36E-39EE22975C07}.Debug|Any CPU.Build.0 = Debug|Any CPU
		{372EC698-DA54-420C-A36E-39EE22975C07}.Release|Any CPU.ActiveCfg = Release|Any CPU
		{372EC698-DA54-420C-A36E-39EE22975C07}.Release|Any CPU.Build.0 = Release|Any CPU
		{469958F3-CF0B-4251-A5B5-4E1C19295872}.Debug|Any CPU.ActiveCfg = Debug|Any CPU
		{469958F3-CF0B-4251-A5B5-4E1C19295872}.Debug|Any CPU.Build.0 = Debug|Any CPU
		{469958F3-CF0B-4251-A5B5-4E1C19295872}.Release|Any CPU.ActiveCfg = Release|Any CPU
		{469958F3-CF0B-4251-A5B5-4E1C19295872}.Release|Any CPU.Build.0 = Release|Any CPU
		{2AE76072-2A5A-4560-B31A-8EBF26C99BBD}.Debug|Any CPU.ActiveCfg = Debug|Any CPU
		{2AE76072-2A5A-4560-B31A-8EBF26C99BBD}.Debug|Any CPU.Build.0 = Debug|Any CPU
		{2AE76072-2A5A-4560-B31A-8EBF26C99BBD}.Release|Any CPU.ActiveCfg = Release|Any CPU
		{2AE76072-2A5A-4560-B31A-8EBF26C99BBD}.Release|Any CPU.Build.0 = Release|Any CPU
		{F3A4A04C-11EA-490E-8A81-81181D9B3305}.Debug|Any CPU.ActiveCfg = Debug|Any CPU
		{F3A4A04C-11EA-490E-8A81-81181D9B3305}.Debug|Any CPU.Build.0 = Debug|Any CPU
		{F3A4A04C-11EA-490E-8A81-81181D9B3305}.Release|Any CPU.ActiveCfg = Release|Any CPU
		{F3A4A04C-11EA-490E-8A81-81181D9B3305}.Release|Any CPU.Build.0 = Release|Any CPU
		{FA3B53AF-DCBC-48C3-8E06-E620059EE390}.Debug|Any CPU.ActiveCfg = Debug|Any CPU
		{FA3B53AF-DCBC-48C3-8E06-E620059EE390}.Debug|Any CPU.Build.0 = Debug|Any CPU
		{FA3B53AF-DCBC-48C3-8E06-E620059EE390}.Release|Any CPU.ActiveCfg = Release|Any CPU
		{FA3B53AF-DCBC-48C3-8E06-E620059EE390}.Release|Any CPU.Build.0 = Release|Any CPU
		{ABA634DC-029C-4CE6-A32B-CE0EEA11D970}.Debug|Any CPU.ActiveCfg = Debug|Any CPU
		{ABA634DC-029C-4CE6-A32B-CE0EEA11D970}.Debug|Any CPU.Build.0 = Debug|Any CPU
		{ABA634DC-029C-4CE6-A32B-CE0EEA11D970}.Release|Any CPU.ActiveCfg = Release|Any CPU
		{ABA634DC-029C-4CE6-A32B-CE0EEA11D970}.Release|Any CPU.Build.0 = Release|Any CPU
	EndGlobalSection
	GlobalSection(SolutionProperties) = preSolution
		HideSolutionNode = FALSE
	EndGlobalSection
EndGlobal
